{
  "version": 4,
  "terraform_version": "1.12.1",
  "serial": 834,
  "lineage": "bd4083da-8cfb-99c0-5047-1d1e21b2bf38",
  "outputs": {
    "api_gateway_url": {
      "value": "translator-gateway-bj8a1opm.ew.gateway.dev",
      "type": "string"
    },
    "cloud_function_url": {
      "value": "https://europe-west1-micro-eye-455517-a2.cloudfunctions.net/translation-orchestrator",
      "type": "string"
    },
    "openapi_spec": {
      "value": "swagger: \"2.0\"\r\ninfo:\r\n  title: \"Translator API\"\r\n  description: \"API for translating text.\"\r\n  version: \"1.0.0\"\r\n\r\nschemes:\r\n  - \"https\"\r\npaths:\r\n  /translate:\r\n    options:\r\n      operationId: generateOptions\r\n      summary: \"CORS support\"\r\n      security: []\r\n      responses:\r\n        '204':\r\n          description: \"CORS preflight\"\r\n          headers:\r\n            Access-Control-Allow-Origin:\r\n              type: string\r\n              default: \"https://micro-eye-455517-a2.web.app\"\r\n            Access-Control-Allow-Methods:\r\n              type: string\r\n              default: \"POST, OPTIONS\"\r\n            Access-Control-Allow-Headers:\r\n              type: string\r\n              default: \"Content-Type\"\r\n            Access-Control-Max-Age:\r\n              type: string\r\n              default: \"3600\"\r\n      x-google-backend:\r\n        address: https://europe-west1-micro-eye-455517-a2.cloudfunctions.net/translation-orchestrator\r\n        protocol: \"http/1.1\"\r\n        \r\n    post:\r\n      operationId: translateText  # Unique identifier for this operation\r\n      summary: \"Translate text\"\r\n      consumes:\r\n        - \"application/json\"\r\n      produces:\r\n        - \"application/json\"\r\n      security:\r\n        - firebase: []\r\n      x-google-backend:\r\n        address: \"https://europe-west1-micro-eye-455517-a2.cloudfunctions.net/translation-orchestrator\"\r\n        protocol: \"http/1.1\"\r\n        \r\n      responses:\r\n        \"200\":\r\n          description: \"Translation successful\"\r\n          headers:\r\n            Access-Control-Allow-Origin:\r\n              type: \"string\"\r\nsecurityDefinitions:\r\n  firebase:\r\n    type: \"oauth2\"\r\n    flow: \"implicit\"\r\n    authorizationUrl: \"https://accounts.google.com/o/oauth2/auth\"\r\n    x-google-forwarding-header: \"Authorization\"\r\n    x-google-issuer: \"https://securetoken.google.com/micro-eye-455517-a2\"\r\n    x-google-jwks_uri: \"https://www.googleapis.com/service_accounts/v1/jwk/securetoken@system.gserviceaccount.com\"\r\n    x-google-audiences: \"micro-eye-455517-a2\"\r\n    scopes:\r\n      openid: \"OpenID scope\"\r\n      email: \"Email scope\"\r\n      profile: \"Profile scope\"",
      "type": "string"
    },
    "postgres_private_ip": {
      "value": "172.31.0.3",
      "type": "string"
    },
    "profanity_filter_url": {
      "value": "https://profanity-filter-4d6jq3gyhq-ew.a.run.app",
      "type": "string"
    },
    "translator_url": {
      "value": "https://translator-4d6jq3gyhq-ew.a.run.app",
      "type": "string"
    }
  },
  "resources": [
    {
      "mode": "data",
      "type": "google_project",
      "name": "current",
      "provider": "provider[\"registry.terraform.io/hashicorp/google\"]",
      "instances": [
        {
          "schema_version": 0,
          "attributes": {
            "auto_create_network": null,
            "billing_account": "01CC86-5F03D0-346C41",
            "deletion_policy": "DELETE",
            "effective_labels": {
              "firebase": "enabled",
              "firebase-core": "disabled"
            },
            "folder_id": null,
            "id": "projects/micro-eye-455517-a2",
            "labels": {
              "firebase": "enabled",
              "firebase-core": "disabled"
            },
            "name": "Test-Project",
            "number": "903865273690",
            "org_id": null,
            "project_id": "micro-eye-455517-a2",
            "skip_delete": null,
            "terraform_labels": {
              "firebase": "enabled",
              "firebase-core": "disabled"
            }
          },
          "sensitive_attributes": [],
          "identity_schema_version": 0
        }
      ]
    },
    {
      "mode": "managed",
      "type": "google_api_gateway_api",
      "name": "translator_api",
      "provider": "provider[\"registry.terraform.io/hashicorp/google-beta\"]",
      "instances": [
        {
          "schema_version": 0,
          "attributes": {
            "api_id": "translator-api",
            "create_time": "2025-04-03T16:29:01.280431489Z",
            "display_name": "Translator API",
            "effective_labels": {},
            "id": "projects/micro-eye-455517-a2/locations/global/apis/translator-api",
            "labels": {},
            "managed_service": "translator-api-288p47yjz5vdf.apigateway.micro-eye-455517-a2.cloud.goog",
            "name": "projects/micro-eye-455517-a2/locations/global/apis/translator-api",
            "project": "micro-eye-455517-a2",
            "terraform_labels": {},
            "timeouts": null
          },
          "sensitive_attributes": [],
          "identity_schema_version": 0,
          "private": "eyJlMmJmYjczMC1lY2FhLTExZTYtOGY4OC0zNDM2M2JjN2M0YzAiOnsiY3JlYXRlIjoxMjAwMDAwMDAwMDAwLCJkZWxldGUiOjEyMDAwMDAwMDAwMDAsInVwZGF0ZSI6MTIwMDAwMDAwMDAwMH19"
        }
      ]
    },
    {
      "mode": "managed",
      "type": "google_api_gateway_api_config",
      "name": "translator_api_config",
      "provider": "provider[\"registry.terraform.io/hashicorp/google-beta\"]",
      "instances": [
        {
          "schema_version": 0,
          "attributes": {
            "api": "translator-api",
            "api_config_id": "v1",
            "api_config_id_prefix": null,
            "display_name": "v1",
            "effective_labels": {},
            "gateway_config": [],
            "grpc_services": [],
            "id": "projects/micro-eye-455517-a2/locations/global/apis/translator-api/configs/v1",
            "labels": {},
            "managed_service_configs": [],
            "name": "projects/903865273690/locations/global/apis/translator-api/configs/v1",
            "openapi_documents": [
              {
                "document": [
                  {
                    "contents": "c3dhZ2dlcjogIjIuMCINCmluZm86DQogIHRpdGxlOiAiVHJhbnNsYXRvciBBUEkiDQogIGRlc2NyaXB0aW9uOiAiQVBJIGZvciB0cmFuc2xhdGluZyB0ZXh0LiINCiAgdmVyc2lvbjogIjEuMC4wIg0KDQpzY2hlbWVzOg0KICAtICJodHRwcyINCnBhdGhzOg0KICAvdHJhbnNsYXRlOg0KICAgIG9wdGlvbnM6DQogICAgICBvcGVyYXRpb25JZDogZ2VuZXJhdGVPcHRpb25zDQogICAgICBzdW1tYXJ5OiAiQ09SUyBzdXBwb3J0Ig0KICAgICAgc2VjdXJpdHk6IFtdDQogICAgICByZXNwb25zZXM6DQogICAgICAgICcyMDQnOg0KICAgICAgICAgIGRlc2NyaXB0aW9uOiAiQ09SUyBwcmVmbGlnaHQiDQogICAgICAgICAgaGVhZGVyczoNCiAgICAgICAgICAgIEFjY2Vzcy1Db250cm9sLUFsbG93LU9yaWdpbjoNCiAgICAgICAgICAgICAgdHlwZTogc3RyaW5nDQogICAgICAgICAgICAgIGRlZmF1bHQ6ICJodHRwczovL21pY3JvLWV5ZS00NTU1MTctYTIud2ViLmFwcCINCiAgICAgICAgICAgIEFjY2Vzcy1Db250cm9sLUFsbG93LU1ldGhvZHM6DQogICAgICAgICAgICAgIHR5cGU6IHN0cmluZw0KICAgICAgICAgICAgICBkZWZhdWx0OiAiUE9TVCwgT1BUSU9OUyINCiAgICAgICAgICAgIEFjY2Vzcy1Db250cm9sLUFsbG93LUhlYWRlcnM6DQogICAgICAgICAgICAgIHR5cGU6IHN0cmluZw0KICAgICAgICAgICAgICBkZWZhdWx0OiAiQ29udGVudC1UeXBlIg0KICAgICAgICAgICAgQWNjZXNzLUNvbnRyb2wtTWF4LUFnZToNCiAgICAgICAgICAgICAgdHlwZTogc3RyaW5nDQogICAgICAgICAgICAgIGRlZmF1bHQ6ICIzNjAwIg0KICAgICAgeC1nb29nbGUtYmFja2VuZDoNCiAgICAgICAgYWRkcmVzczogaHR0cHM6Ly9ldXJvcGUtd2VzdDEtbWljcm8tZXllLTQ1NTUxNy1hMi5jbG91ZGZ1bmN0aW9ucy5uZXQvdHJhbnNsYXRpb24tb3JjaGVzdHJhdG9yDQogICAgICAgIHByb3RvY29sOiAiaHR0cC8xLjEiDQogICAgICAgIA0KICAgIHBvc3Q6DQogICAgICBvcGVyYXRpb25JZDogdHJhbnNsYXRlVGV4dCAgIyBVbmlxdWUgaWRlbnRpZmllciBmb3IgdGhpcyBvcGVyYXRpb24NCiAgICAgIHN1bW1hcnk6ICJUcmFuc2xhdGUgdGV4dCINCiAgICAgIGNvbnN1bWVzOg0KICAgICAgICAtICJhcHBsaWNhdGlvbi9qc29uIg0KICAgICAgcHJvZHVjZXM6DQogICAgICAgIC0gImFwcGxpY2F0aW9uL2pzb24iDQogICAgICBzZWN1cml0eToNCiAgICAgICAgLSBmaXJlYmFzZTogW10NCiAgICAgIHgtZ29vZ2xlLWJhY2tlbmQ6DQogICAgICAgIGFkZHJlc3M6ICJodHRwczovL2V1cm9wZS13ZXN0MS1taWNyby1leWUtNDU1NTE3LWEyLmNsb3VkZnVuY3Rpb25zLm5ldC90cmFuc2xhdGlvbi1vcmNoZXN0cmF0b3IiDQogICAgICAgIHByb3RvY29sOiAiaHR0cC8xLjEiDQogICAgICAgIA0KICAgICAgcmVzcG9uc2VzOg0KICAgICAgICAiMjAwIjoNCiAgICAgICAgICBkZXNjcmlwdGlvbjogIlRyYW5zbGF0aW9uIHN1Y2Nlc3NmdWwiDQogICAgICAgICAgaGVhZGVyczoNCiAgICAgICAgICAgIEFjY2Vzcy1Db250cm9sLUFsbG93LU9yaWdpbjoNCiAgICAgICAgICAgICAgdHlwZTogInN0cmluZyINCnNlY3VyaXR5RGVmaW5pdGlvbnM6DQogIGZpcmViYXNlOg0KICAgIHR5cGU6ICJvYXV0aDIiDQogICAgZmxvdzogImltcGxpY2l0Ig0KICAgIGF1dGhvcml6YXRpb25Vcmw6ICJodHRwczovL2FjY291bnRzLmdvb2dsZS5jb20vby9vYXV0aDIvYXV0aCINCiAgICB4LWdvb2dsZS1mb3J3YXJkaW5nLWhlYWRlcjogIkF1dGhvcml6YXRpb24iDQogICAgeC1nb29nbGUtaXNzdWVyOiAiaHR0cHM6Ly9zZWN1cmV0b2tlbi5nb29nbGUuY29tL21pY3JvLWV5ZS00NTU1MTctYTIiDQogICAgeC1nb29nbGUtandrc191cmk6ICJodHRwczovL3d3dy5nb29nbGVhcGlzLmNvbS9zZXJ2aWNlX2FjY291bnRzL3YxL2p3ay9zZWN1cmV0b2tlbkBzeXN0ZW0uZ3NlcnZpY2VhY2NvdW50LmNvbSINCiAgICB4LWdvb2dsZS1hdWRpZW5jZXM6ICJtaWNyby1leWUtNDU1NTE3LWEyIg0KICAgIHNjb3BlczoNCiAgICAgIG9wZW5pZDogIk9wZW5JRCBzY29wZSINCiAgICAgIGVtYWlsOiAiRW1haWwgc2NvcGUiDQogICAgICBwcm9maWxlOiAiUHJvZmlsZSBzY29wZSI=",
                    "path": "openapiswagger.yaml"
                  }
                ]
              }
            ],
            "project": "micro-eye-455517-a2",
            "service_config_id": "v1-2o73xkge4x3yr",
            "terraform_labels": {},
            "timeouts": null
          },
          "sensitive_attributes": [],
          "identity_schema_version": 0,
          "private": "eyJlMmJmYjczMC1lY2FhLTExZTYtOGY4OC0zNDM2M2JjN2M0YzAiOnsiY3JlYXRlIjoxMjAwMDAwMDAwMDAwLCJkZWxldGUiOjEyMDAwMDAwMDAwMDAsInVwZGF0ZSI6MTIwMDAwMDAwMDAwMH19",
          "dependencies": [
            "google_api_gateway_api.translator_api",
            "google_cloud_run_service.profanity_filter",
            "google_cloud_run_service.translator",
            "google_cloudfunctions_function.orchestrator",
            "google_compute_global_address.private_ip_address",
            "google_project_service.enable_cloud_run",
            "google_project_service.enable_redis",
            "google_project_service.enable_service_networking",
            "google_project_service.enable_vpc_access",
            "google_redis_instance.quota_redis",
            "google_service_account.orchestrator",
            "google_service_networking_connection.private_vpc_connection",
            "google_sql_database.translator_db",
            "google_sql_database_instance.postgres_instance",
            "google_sql_user.default",
            "google_storage_bucket.functions_bucket",
            "google_storage_bucket_object.orchestrator_zip",
            "google_vpc_access_connector.connector"
          ]
        }
      ]
    },
    {
      "mode": "managed",
      "type": "google_api_gateway_gateway",
      "name": "translator_gateway",
      "provider": "provider[\"registry.terraform.io/hashicorp/google-beta\"]",
      "instances": [
        {
          "schema_version": 0,
          "attributes": {
            "api_config": "projects/903865273690/locations/global/apis/translator-api/configs/v1",
            "default_hostname": "translator-gateway-bj8a1opm.ew.gateway.dev",
            "display_name": "translator-gateway",
            "effective_labels": {},
            "gateway_id": "translator-gateway",
            "id": "projects/micro-eye-455517-a2/locations/europe-west1/gateways/translator-gateway",
            "labels": {},
            "name": "projects/micro-eye-455517-a2/locations/europe-west1/gateways/translator-gateway",
            "project": "micro-eye-455517-a2",
            "region": "europe-west1",
            "terraform_labels": {},
            "timeouts": null
          },
          "sensitive_attributes": [],
          "identity_schema_version": 0,
          "private": "eyJlMmJmYjczMC1lY2FhLTExZTYtOGY4OC0zNDM2M2JjN2M0YzAiOnsiY3JlYXRlIjoxMjAwMDAwMDAwMDAwLCJkZWxldGUiOjEyMDAwMDAwMDAwMDAsInVwZGF0ZSI6MTIwMDAwMDAwMDAwMH19",
          "dependencies": [
            "google_api_gateway_api.translator_api",
            "google_api_gateway_api_config.translator_api_config",
            "google_cloud_run_service.profanity_filter",
            "google_cloud_run_service.translator",
            "google_cloudfunctions_function.orchestrator",
            "google_compute_global_address.private_ip_address",
            "google_project_service.enable_cloud_run",
            "google_project_service.enable_redis",
            "google_project_service.enable_service_networking",
            "google_project_service.enable_vpc_access",
            "google_redis_instance.quota_redis",
            "google_service_account.orchestrator",
            "google_service_networking_connection.private_vpc_connection",
            "google_sql_database.translator_db",
            "google_sql_database_instance.postgres_instance",
            "google_sql_user.default",
            "google_storage_bucket.functions_bucket",
            "google_storage_bucket_object.orchestrator_zip",
            "google_vpc_access_connector.connector"
          ]
        }
      ]
    },
    {
      "mode": "managed",
      "type": "google_cloud_run_service",
      "name": "profanity_filter",
      "provider": "provider[\"registry.terraform.io/hashicorp/google\"]",
      "instances": [
        {
          "schema_version": 2,
          "attributes": {
            "autogenerate_revision_name": false,
            "id": "locations/europe-west1/namespaces/micro-eye-455517-a2/services/profanity-filter",
            "location": "europe-west1",
            "metadata": [
              {
                "annotations": {},
                "effective_annotations": {
                  "run.googleapis.com/client-name": "cloud-console",
                  "run.googleapis.com/ingress": "all",
                  "run.googleapis.com/ingress-status": "all",
                  "run.googleapis.com/operation-id": "ffc5e3d1-9701-4c37-9251-38711aac55a1",
                  "run.googleapis.com/urls": "[\"https://profanity-filter-903865273690.europe-west1.run.app\",\"https://profanity-filter-4d6jq3gyhq-ew.a.run.app\"]",
                  "serving.knative.dev/creator": "n.safiejko@gmail.com",
                  "serving.knative.dev/lastModifier": "wojtekpc1@gmail.com"
                },
                "effective_labels": {
                  "cloud.googleapis.com/location": "europe-west1"
                },
                "generation": 2,
                "labels": {},
                "namespace": "micro-eye-455517-a2",
                "resource_version": "AAY1uT057so",
                "self_link": "/apis/serving.knative.dev/v1/namespaces/903865273690/services/profanity-filter",
                "terraform_labels": {},
                "uid": "57ded306-93b0-4030-9755-29e1ea866188"
              }
            ],
            "name": "profanity-filter",
            "project": "micro-eye-455517-a2",
            "status": [
              {
                "conditions": [
                  {
                    "message": "",
                    "reason": "",
                    "status": "True",
                    "type": "Ready"
                  },
                  {
                    "message": "",
                    "reason": "",
                    "status": "True",
                    "type": "ConfigurationsReady"
                  },
                  {
                    "message": "",
                    "reason": "",
                    "status": "True",
                    "type": "RoutesReady"
                  }
                ],
                "latest_created_revision_name": "profanity-filter-00001-7vs",
                "latest_ready_revision_name": "profanity-filter-00001-7vs",
                "observed_generation": 2,
                "traffic": [
                  {
                    "latest_revision": true,
                    "percent": 100,
                    "revision_name": "profanity-filter-00001-7vs",
                    "tag": "",
                    "url": ""
                  }
                ],
                "url": "https://profanity-filter-4d6jq3gyhq-ew.a.run.app"
              }
            ],
            "template": [
              {
                "metadata": [
                  {
                    "annotations": {
                      "autoscaling.knative.dev/maxScale": "10",
                      "run.googleapis.com/vpc-access-connector": "projects/micro-eye-455517-a2/locations/europe-west1/connectors/cloud-run-connector",
                      "run.googleapis.com/vpc-access-egress": "private-ranges-only"
                    },
                    "generation": 0,
                    "labels": {
                      "run.googleapis.com/startupProbeType": "Default"
                    },
                    "name": "",
                    "namespace": "",
                    "resource_version": "",
                    "self_link": "",
                    "uid": ""
                  }
                ],
                "spec": [
                  {
                    "container_concurrency": 80,
                    "containers": [
                      {
                        "args": [],
                        "command": [],
                        "env": [],
                        "env_from": [],
                        "image": "europe-west1-docker.pkg.dev/micro-eye-455517-a2/model-container-west1/profanity-checker@sha256:130755aa0a55d117aeb15b1d2ad1d8bd33c666308c822ccb113bce1bc6161385",
                        "liveness_probe": [],
                        "name": "",
                        "ports": [
                          {
                            "container_port": 8080,
                            "name": "http1",
                            "protocol": ""
                          }
                        ],
                        "resources": [
                          {
                            "limits": {
                              "cpu": "2",
                              "memory": "8192Mi"
                            },
                            "requests": {}
                          }
                        ],
                        "startup_probe": [
                          {
                            "failure_threshold": 1,
                            "grpc": [],
                            "http_get": [],
                            "initial_delay_seconds": 0,
                            "period_seconds": 240,
                            "tcp_socket": [
                              {
                                "port": 8080
                              }
                            ],
                            "timeout_seconds": 240
                          }
                        ],
                        "volume_mounts": [],
                        "working_dir": ""
                      }
                    ],
                    "service_account_name": "903865273690-compute@developer.gserviceaccount.com",
                    "serving_state": "",
                    "timeout_seconds": 300,
                    "volumes": []
                  }
                ]
              }
            ],
            "timeouts": null,
            "traffic": [
              {
                "latest_revision": true,
                "percent": 100,
                "revision_name": "",
                "tag": "",
                "url": ""
              }
            ]
          },
          "sensitive_attributes": [],
          "identity_schema_version": 0,
          "private": "eyJlMmJmYjczMC1lY2FhLTExZTYtOGY4OC0zNDM2M2JjN2M0YzAiOnsiY3JlYXRlIjoxMjAwMDAwMDAwMDAwLCJkZWxldGUiOjEyMDAwMDAwMDAwMDAsInVwZGF0ZSI6MTIwMDAwMDAwMDAwMH0sInNjaGVtYV92ZXJzaW9uIjoiMiJ9",
          "dependencies": [
            "google_project_service.enable_cloud_run",
            "google_project_service.enable_vpc_access",
            "google_vpc_access_connector.connector"
          ]
        }
      ]
    },
    {
      "mode": "managed",
      "type": "google_cloud_run_service",
      "name": "translator",
      "provider": "provider[\"registry.terraform.io/hashicorp/google\"]",
      "instances": [
        {
          "schema_version": 2,
          "attributes": {
            "autogenerate_revision_name": false,
            "id": "locations/europe-west1/namespaces/micro-eye-455517-a2/services/translator",
            "location": "europe-west1",
            "metadata": [
              {
                "annotations": {},
                "effective_annotations": {
                  "run.googleapis.com/ingress": "all",
                  "run.googleapis.com/ingress-status": "all",
                  "run.googleapis.com/operation-id": "8fe7f400-22b0-434d-a357-4408da796f49",
                  "run.googleapis.com/urls": "[\"https://translator-903865273690.europe-west1.run.app\",\"https://translator-4d6jq3gyhq-ew.a.run.app\"]",
                  "serving.knative.dev/creator": "n.safiejko@gmail.com",
                  "serving.knative.dev/lastModifier": "wojtekpc1@gmail.com"
                },
                "effective_labels": {
                  "cloud.googleapis.com/location": "europe-west1"
                },
                "generation": 1,
                "labels": {},
                "namespace": "micro-eye-455517-a2",
                "resource_version": "AAY10eBNx+8",
                "self_link": "/apis/serving.knative.dev/v1/namespaces/903865273690/services/translator",
                "terraform_labels": {},
                "uid": "88199a64-6462-4d8d-af25-305171670310"
              }
            ],
            "name": "translator",
            "project": "micro-eye-455517-a2",
            "status": [
              {
                "conditions": [
                  {
                    "message": "",
                    "reason": "",
                    "status": "True",
                    "type": "Ready"
                  },
                  {
                    "message": "",
                    "reason": "",
                    "status": "True",
                    "type": "ConfigurationsReady"
                  },
                  {
                    "message": "",
                    "reason": "",
                    "status": "True",
                    "type": "RoutesReady"
                  }
                ],
                "latest_created_revision_name": "translator-00001-bnk",
                "latest_ready_revision_name": "translator-00001-bnk",
                "observed_generation": 1,
                "traffic": [
                  {
                    "latest_revision": true,
                    "percent": 100,
                    "revision_name": "translator-00001-bnk",
                    "tag": "",
                    "url": ""
                  }
                ],
                "url": "https://translator-4d6jq3gyhq-ew.a.run.app"
              }
            ],
            "template": [
              {
                "metadata": [
                  {
                    "annotations": {
                      "autoscaling.knative.dev/maxScale": "10",
                      "run.googleapis.com/vpc-access-connector": "projects/micro-eye-455517-a2/locations/europe-west1/connectors/cloud-run-connector",
                      "run.googleapis.com/vpc-access-egress": "private-ranges-only"
                    },
                    "generation": 0,
                    "labels": {
                      "run.googleapis.com/startupProbeType": "Default"
                    },
                    "name": "",
                    "namespace": "",
                    "resource_version": "",
                    "self_link": "",
                    "uid": ""
                  }
                ],
                "spec": [
                  {
                    "container_concurrency": 80,
                    "containers": [
                      {
                        "args": [],
                        "command": [],
                        "env": [],
                        "env_from": [],
                        "image": "europe-west1-docker.pkg.dev/micro-eye-455517-a2/model-container-west1/t5-translator@sha256:124d471981f899061e89f0259bd496d8a10deee2603e82d2a78b7d70faa9c10a",
                        "liveness_probe": [],
                        "name": "",
                        "ports": [
                          {
                            "container_port": 8080,
                            "name": "http1",
                            "protocol": ""
                          }
                        ],
                        "resources": [
                          {
                            "limits": {
                              "cpu": "2",
                              "memory": "8192Mi"
                            },
                            "requests": {}
                          }
                        ],
                        "startup_probe": [
                          {
                            "failure_threshold": 1,
                            "grpc": [],
                            "http_get": [],
                            "initial_delay_seconds": 0,
                            "period_seconds": 240,
                            "tcp_socket": [
                              {
                                "port": 8080
                              }
                            ],
                            "timeout_seconds": 240
                          }
                        ],
                        "volume_mounts": [],
                        "working_dir": ""
                      }
                    ],
                    "service_account_name": "903865273690-compute@developer.gserviceaccount.com",
                    "serving_state": "",
                    "timeout_seconds": 300,
                    "volumes": []
                  }
                ]
              }
            ],
            "timeouts": null,
            "traffic": [
              {
                "latest_revision": true,
                "percent": 100,
                "revision_name": "",
                "tag": "",
                "url": ""
              }
            ]
          },
          "sensitive_attributes": [],
          "identity_schema_version": 0,
          "private": "eyJlMmJmYjczMC1lY2FhLTExZTYtOGY4OC0zNDM2M2JjN2M0YzAiOnsiY3JlYXRlIjoxMjAwMDAwMDAwMDAwLCJkZWxldGUiOjEyMDAwMDAwMDAwMDAsInVwZGF0ZSI6MTIwMDAwMDAwMDAwMH0sInNjaGVtYV92ZXJzaW9uIjoiMiJ9",
          "dependencies": [
            "google_project_service.enable_cloud_run",
            "google_project_service.enable_vpc_access",
            "google_vpc_access_connector.connector"
          ]
        }
      ]
    },
    {
      "mode": "managed",
      "type": "google_cloud_run_service_iam_member",
      "name": "profanity_filter_invoker",
      "provider": "provider[\"registry.terraform.io/hashicorp/google\"]",
      "instances": [
        {
          "schema_version": 0,
          "attributes": {
            "condition": [],
            "etag": "BwY19Bo+VHo=",
            "id": "v1/projects/micro-eye-455517-a2/locations/europe-west1/services/profanity-filter/roles/run.invoker/serviceAccount:orchestrator-fn-sa@micro-eye-455517-a2.iam.gserviceaccount.com",
            "location": "europe-west1",
            "member": "serviceAccount:orchestrator-fn-sa@micro-eye-455517-a2.iam.gserviceaccount.com",
            "project": "micro-eye-455517-a2",
            "role": "roles/run.invoker",
            "service": "v1/projects/micro-eye-455517-a2/locations/europe-west1/services/profanity-filter"
          },
          "sensitive_attributes": [],
          "identity_schema_version": 0,
          "private": "bnVsbA==",
          "dependencies": [
            "google_cloud_run_service.profanity_filter",
            "google_project_service.enable_cloud_run",
            "google_project_service.enable_vpc_access",
            "google_service_account.orchestrator",
            "google_vpc_access_connector.connector"
          ]
        }
      ]
    },
    {
      "mode": "managed",
      "type": "google_cloud_run_service_iam_member",
      "name": "translator_invoker",
      "provider": "provider[\"registry.terraform.io/hashicorp/google\"]",
      "instances": [
        {
          "schema_version": 0,
          "attributes": {
            "condition": [],
            "etag": "BwY19BpAmCI=",
            "id": "v1/projects/micro-eye-455517-a2/locations/europe-west1/services/translator/roles/run.invoker/serviceAccount:orchestrator-fn-sa@micro-eye-455517-a2.iam.gserviceaccount.com",
            "location": "europe-west1",
            "member": "serviceAccount:orchestrator-fn-sa@micro-eye-455517-a2.iam.gserviceaccount.com",
            "project": "micro-eye-455517-a2",
            "role": "roles/run.invoker",
            "service": "v1/projects/micro-eye-455517-a2/locations/europe-west1/services/translator"
          },
          "sensitive_attributes": [],
          "identity_schema_version": 0,
          "private": "bnVsbA==",
          "dependencies": [
            "google_cloud_run_service.translator",
            "google_project_service.enable_cloud_run",
            "google_project_service.enable_vpc_access",
            "google_service_account.orchestrator",
            "google_vpc_access_connector.connector"
          ]
        }
      ]
    },
    {
      "mode": "managed",
      "type": "google_cloud_scheduler_job",
      "name": "daily_job",
      "provider": "provider[\"registry.terraform.io/hashicorp/google\"]",
      "instances": [
        {
          "schema_version": 0,
          "attributes": {
            "app_engine_http_target": [],
            "attempt_deadline": "180s",
            "description": "Triggers Firestore export to Postgres daily",
            "http_target": [
              {
                "body": "",
                "headers": {
                  "Content-Type": "application/json"
                },
                "http_method": "POST",
                "oauth_token": [],
                "oidc_token": [
                  {
                    "audience": "https://europe-west1-micro-eye-455517-a2.cloudfunctions.net/exportFirestoreToPostgres",
                    "service_account_email": "scheduler-invoker@micro-eye-455517-a2.iam.gserviceaccount.com"
                  }
                ],
                "uri": "https://europe-west1-micro-eye-455517-a2.cloudfunctions.net/exportFirestoreToPostgres"
              }
            ],
            "id": "projects/micro-eye-455517-a2/locations/europe-west1/jobs/firestore-export-daily",
            "name": "firestore-export-daily",
            "paused": false,
            "project": "micro-eye-455517-a2",
            "pubsub_target": [],
            "region": "europe-west1",
            "retry_config": [],
            "schedule": "0 0 * * *",
            "state": "ENABLED",
            "time_zone": "Etc/UTC",
            "timeouts": null
          },
          "sensitive_attributes": [],
          "identity_schema_version": 0,
          "private": "eyJlMmJmYjczMC1lY2FhLTExZTYtOGY4OC0zNDM2M2JjN2M0YzAiOnsiY3JlYXRlIjoxMjAwMDAwMDAwMDAwLCJkZWxldGUiOjEyMDAwMDAwMDAwMDAsInVwZGF0ZSI6MTIwMDAwMDAwMDAwMH19",
          "dependencies": [
            "google_cloudfunctions_function.export_firestore",
            "google_project_service.enable_vpc_access",
            "google_service_account.firebase_export",
            "google_service_account.scheduler_invoker",
            "google_sql_database.translator_db",
            "google_sql_database_instance.postgres_instance",
            "google_sql_user.default",
            "google_storage_bucket.functions_bucket",
            "google_storage_bucket_object.firestore_export_zip",
            "google_vpc_access_connector.connector"
          ]
        }
      ]
    },
    {
      "mode": "managed",
      "type": "google_cloudfunctions_function",
      "name": "export_firestore",
      "provider": "provider[\"registry.terraform.io/hashicorp/google\"]",
      "instances": [
        {
          "schema_version": 0,
          "attributes": {
            "available_memory_mb": 512,
            "build_environment_variables": null,
            "build_service_account": "projects/micro-eye-455517-a2/serviceAccounts/903865273690-compute@developer.gserviceaccount.com",
            "build_worker_pool": "",
            "description": "Exports all Firestore data to Cloud SQL and deletes it",
            "docker_registry": "ARTIFACT_REGISTRY",
            "docker_repository": "",
            "effective_labels": {},
            "entry_point": "export",
            "environment_variables": {
              "DB_HOST": "micro-eye-455517-a2:europe-west1:translator-sql-instance",
              "DB_NAME": "translatordb",
              "DB_PASSWORD": "test",
              "DB_USER": "translator_user",
              "DEPLOYMENT_VERSION": "16d68c8bf7fe3542a282ed5f9352f80d",
              "TABLE_NAME": "TRANSLATION_LOGS"
            },
            "event_trigger": [],
            "https_trigger_security_level": "SECURE_OPTIONAL",
            "https_trigger_url": "https://europe-west1-micro-eye-455517-a2.cloudfunctions.net/exportFirestoreToPostgres",
            "id": "projects/micro-eye-455517-a2/locations/europe-west1/functions/exportFirestoreToPostgres",
            "ingress_settings": "ALLOW_ALL",
            "kms_key_name": "",
            "labels": {},
            "max_instances": 1,
            "min_instances": 0,
            "name": "exportFirestoreToPostgres",
            "project": "micro-eye-455517-a2",
            "region": "europe-west1",
            "runtime": "python311",
            "secret_environment_variables": [],
            "secret_volumes": [],
            "service_account_email": "firebase-export-fn-sa@micro-eye-455517-a2.iam.gserviceaccount.com",
            "source_archive_bucket": "micro-eye-455517-a2-functions-bucket",
            "source_archive_object": "firestore_export-16d68c8bf7fe3542a282ed5f9352f80d.zip",
            "source_repository": [],
            "status": "ACTIVE",
            "terraform_labels": {},
            "timeout": 300,
            "timeouts": null,
            "trigger_http": true,
            "version_id": "19",
            "vpc_connector": "projects/micro-eye-455517-a2/locations/europe-west1/connectors/cloud-run-connector",
            "vpc_connector_egress_settings": "PRIVATE_RANGES_ONLY"
          },
          "sensitive_attributes": [
            [
              {
                "type": "get_attr",
                "value": "environment_variables"
              },
              {
                "type": "index",
                "value": {
                  "value": "DB_PASSWORD",
                  "type": "string"
                }
              }
            ]
          ],
          "identity_schema_version": 0,
          "private": "eyJlMmJmYjczMC1lY2FhLTExZTYtOGY4OC0zNDM2M2JjN2M0YzAiOnsiY3JlYXRlIjozMDAwMDAwMDAwMDAsImRlbGV0ZSI6MzAwMDAwMDAwMDAwLCJyZWFkIjozMDAwMDAwMDAwMDAsInVwZGF0ZSI6MzAwMDAwMDAwMDAwfX0=",
          "dependencies": [
            "google_project_service.enable_vpc_access",
            "google_service_account.firebase_export",
            "google_sql_database.translator_db",
            "google_sql_database_instance.postgres_instance",
            "google_sql_user.default",
            "google_storage_bucket.functions_bucket",
            "google_storage_bucket_object.firestore_export_zip",
            "google_vpc_access_connector.connector"
          ]
        }
      ]
    },
    {
      "mode": "managed",
      "type": "google_cloudfunctions_function",
      "name": "orchestrator",
      "provider": "provider[\"registry.terraform.io/hashicorp/google\"]",
      "instances": [
        {
          "schema_version": 0,
          "attributes": {
            "available_memory_mb": 256,
            "build_environment_variables": null,
            "build_service_account": "projects/micro-eye-455517-a2/serviceAccounts/903865273690-compute@developer.gserviceaccount.com",
            "build_worker_pool": "",
            "description": "Orchestrates translation requests",
            "docker_registry": "ARTIFACT_REGISTRY",
            "docker_repository": "",
            "effective_labels": {},
            "entry_point": "handler",
            "environment_variables": {
              "DB_HOST": "micro-eye-455517-a2:europe-west1:translator-sql-instance",
              "DB_NAME": "translatordb",
              "DB_PASSWORD": "test",
              "DB_USER": "translator_user",
              "DEPLOYMENT_VERSION": "ed5b3caa59c1ca7c0d6ba5ad965b66a2",
              "GOOGLE_FUNCTION_SOURCE": "main.py",
              "PROFANITY_SERVICE_URL": "https://profanity-filter-4d6jq3gyhq-ew.a.run.app",
              "PROJECT_ID": "micro-eye-455517-a2",
              "REDIS_HOST": "10.207.27.211",
              "REDIS_PORT": "6379",
              "REDIS_QUOTA": "12",
              "TRANSLATOR_SERVICE_URL": "https://translator-4d6jq3gyhq-ew.a.run.app"
            },
            "event_trigger": [],
            "https_trigger_security_level": "SECURE_OPTIONAL",
            "https_trigger_url": "https://europe-west1-micro-eye-455517-a2.cloudfunctions.net/translation-orchestrator",
            "id": "projects/micro-eye-455517-a2/locations/europe-west1/functions/translation-orchestrator",
            "ingress_settings": "ALLOW_ALL",
            "kms_key_name": "",
            "labels": {},
            "max_instances": 0,
            "min_instances": 0,
            "name": "translation-orchestrator",
            "project": "micro-eye-455517-a2",
            "region": "europe-west1",
            "runtime": "python311",
            "secret_environment_variables": [],
            "secret_volumes": [],
            "service_account_email": "orchestrator-fn-sa@micro-eye-455517-a2.iam.gserviceaccount.com",
            "source_archive_bucket": "micro-eye-455517-a2-functions-bucket",
            "source_archive_object": "functions-ed5b3caa59c1ca7c0d6ba5ad965b66a2.zip",
            "source_repository": [],
            "status": "ACTIVE",
            "terraform_labels": {},
            "timeout": 60,
            "timeouts": null,
            "trigger_http": true,
            "version_id": "8",
            "vpc_connector": "projects/micro-eye-455517-a2/locations/europe-west1/connectors/cloud-run-connector",
            "vpc_connector_egress_settings": "ALL_TRAFFIC"
          },
          "sensitive_attributes": [
            [
              {
                "type": "get_attr",
                "value": "environment_variables"
              },
              {
                "type": "index",
                "value": {
                  "value": "DB_PASSWORD",
                  "type": "string"
                }
              }
            ]
          ],
          "identity_schema_version": 0,
          "private": "eyJlMmJmYjczMC1lY2FhLTExZTYtOGY4OC0zNDM2M2JjN2M0YzAiOnsiY3JlYXRlIjozMDAwMDAwMDAwMDAsImRlbGV0ZSI6MzAwMDAwMDAwMDAwLCJyZWFkIjozMDAwMDAwMDAwMDAsInVwZGF0ZSI6MzAwMDAwMDAwMDAwfX0=",
          "dependencies": [
            "google_cloud_run_service.profanity_filter",
            "google_cloud_run_service.translator",
            "google_compute_global_address.private_ip_address",
            "google_project_service.enable_cloud_run",
            "google_project_service.enable_redis",
            "google_project_service.enable_service_networking",
            "google_project_service.enable_vpc_access",
            "google_redis_instance.quota_redis",
            "google_service_account.orchestrator",
            "google_service_networking_connection.private_vpc_connection",
            "google_sql_database.translator_db",
            "google_sql_database_instance.postgres_instance",
            "google_sql_user.default",
            "google_storage_bucket.functions_bucket",
            "google_storage_bucket_object.orchestrator_zip",
            "google_vpc_access_connector.connector"
          ]
        }
      ]
    },
    {
      "mode": "managed",
      "type": "google_cloudfunctions_function_iam_member",
      "name": "allow_gateway_invocation",
      "provider": "provider[\"registry.terraform.io/hashicorp/google\"]",
      "instances": [
        {
          "schema_version": 0,
          "attributes": {
            "cloud_function": "projects/micro-eye-455517-a2/locations/europe-west1/functions/translation-orchestrator",
            "condition": [],
            "etag": "BwY19Ferick=",
            "id": "projects/micro-eye-455517-a2/locations/europe-west1/functions/translation-orchestrator/roles/cloudfunctions.invoker/serviceAccount:fb2api-account@micro-eye-455517-a2.iam.gserviceaccount.com",
            "member": "serviceAccount:fb2api-account@micro-eye-455517-a2.iam.gserviceaccount.com",
            "project": "micro-eye-455517-a2",
            "region": "europe-west1",
            "role": "roles/cloudfunctions.invoker"
          },
          "sensitive_attributes": [],
          "identity_schema_version": 0,
          "private": "bnVsbA==",
          "dependencies": [
            "google_cloud_run_service.profanity_filter",
            "google_cloud_run_service.translator",
            "google_cloudfunctions_function.orchestrator",
            "google_compute_global_address.private_ip_address",
            "google_project_service.enable_cloud_run",
            "google_project_service.enable_redis",
            "google_project_service.enable_service_networking",
            "google_project_service.enable_vpc_access",
            "google_redis_instance.quota_redis",
            "google_service_account.orchestrator",
            "google_service_networking_connection.private_vpc_connection",
            "google_sql_database.translator_db",
            "google_sql_database_instance.postgres_instance",
            "google_sql_user.default",
            "google_storage_bucket.functions_bucket",
            "google_storage_bucket_object.orchestrator_zip",
            "google_vpc_access_connector.connector"
          ]
        }
      ]
    },
    {
      "mode": "managed",
      "type": "google_cloudfunctions_function_iam_member",
      "name": "invoker",
      "provider": "provider[\"registry.terraform.io/hashicorp/google\"]",
      "instances": [
        {
          "schema_version": 0,
          "attributes": {
            "cloud_function": "projects/micro-eye-455517-a2/locations/europe-west1/functions/exportFirestoreToPostgres",
            "condition": [],
            "etag": "BwY19h+mSAk=",
            "id": "projects/micro-eye-455517-a2/locations/europe-west1/functions/exportFirestoreToPostgres/roles/cloudfunctions.invoker/serviceAccount:scheduler-invoker@micro-eye-455517-a2.iam.gserviceaccount.com",
            "member": "serviceAccount:scheduler-invoker@micro-eye-455517-a2.iam.gserviceaccount.com",
            "project": "micro-eye-455517-a2",
            "region": "europe-west1",
            "role": "roles/cloudfunctions.invoker"
          },
          "sensitive_attributes": [],
          "identity_schema_version": 0,
          "private": "bnVsbA==",
          "dependencies": [
            "google_cloudfunctions_function.export_firestore",
            "google_project_service.enable_vpc_access",
            "google_service_account.firebase_export",
            "google_service_account.scheduler_invoker",
            "google_sql_database.translator_db",
            "google_sql_database_instance.postgres_instance",
            "google_sql_user.default",
            "google_storage_bucket.functions_bucket",
            "google_storage_bucket_object.firestore_export_zip",
            "google_vpc_access_connector.connector"
          ]
        }
      ]
    },
    {
      "mode": "managed",
      "type": "google_compute_global_address",
      "name": "private_ip_address",
      "provider": "provider[\"registry.terraform.io/hashicorp/google\"]",
      "instances": [
        {
          "schema_version": 0,
          "attributes": {
            "address": "172.31.0.0",
            "address_type": "INTERNAL",
            "creation_timestamp": "2025-04-06T12:25:20.178-07:00",
            "description": "",
            "effective_labels": {},
            "id": "projects/micro-eye-455517-a2/global/addresses/google-managed-services-default",
            "ip_version": "",
            "label_fingerprint": "42WmSpB8rSM=",
            "labels": {},
            "name": "google-managed-services-default",
            "network": "https://www.googleapis.com/compute/v1/projects/micro-eye-455517-a2/global/networks/default",
            "prefix_length": 16,
            "project": "micro-eye-455517-a2",
            "purpose": "VPC_PEERING",
            "self_link": "https://www.googleapis.com/compute/v1/projects/micro-eye-455517-a2/global/addresses/google-managed-services-default",
            "terraform_labels": {},
            "timeouts": null
          },
          "sensitive_attributes": [],
          "identity_schema_version": 0,
          "private": "eyJlMmJmYjczMC1lY2FhLTExZTYtOGY4OC0zNDM2M2JjN2M0YzAiOnsiY3JlYXRlIjoxMjAwMDAwMDAwMDAwLCJkZWxldGUiOjEyMDAwMDAwMDAwMDAsInVwZGF0ZSI6MTIwMDAwMDAwMDAwMH19"
        }
      ]
    },
    {
      "mode": "managed",
      "type": "google_firestore_database",
      "name": "default",
      "provider": "provider[\"registry.terraform.io/hashicorp/google\"]",
      "instances": [
        {
          "schema_version": 0,
          "attributes": {
            "app_engine_integration_mode": "DISABLED",
            "cmek_config": [],
            "concurrency_mode": "PESSIMISTIC",
            "create_time": "",
            "delete_protection_state": "DELETE_PROTECTION_ENABLED",
            "deletion_policy": "ABANDON",
            "earliest_version_time": "2025-05-25T19:29:44.890052Z",
            "etag": "ILvd+Yi7v40DMNigwvWpvo0D",
            "id": "projects/micro-eye-455517-a2/databases/(default)",
            "key_prefix": "",
            "location_id": "europe-west1",
            "name": "(default)",
            "point_in_time_recovery_enablement": "POINT_IN_TIME_RECOVERY_DISABLED",
            "project": "micro-eye-455517-a2",
            "timeouts": null,
            "type": "FIRESTORE_NATIVE",
            "uid": "e3cc6253-4e7e-4c4c-9bca-d2e059133b4d",
            "update_time": "",
            "version_retention_period": "3600s"
          },
          "sensitive_attributes": [],
          "identity_schema_version": 0,
          "private": "eyJlMmJmYjczMC1lY2FhLTExZTYtOGY4OC0zNDM2M2JjN2M0YzAiOnsiY3JlYXRlIjoxMjAwMDAwMDAwMDAwLCJkZWxldGUiOjEyMDAwMDAwMDAwMDAsInVwZGF0ZSI6MTIwMDAwMDAwMDAwMH19",
          "dependencies": [
            "google_project_service.enable_firestore"
          ]
        }
      ]
    },
    {
      "mode": "managed",
      "type": "google_project_iam_member",
      "name": "cloudsql_client",
      "provider": "provider[\"registry.terraform.io/hashicorp/google\"]",
      "instances": [
        {
          "schema_version": 0,
          "attributes": {
            "condition": [],
            "etag": "BwY19cRdUQg=",
            "id": "micro-eye-455517-a2/roles/cloudsql.client/serviceAccount:firebase-export-fn-sa@micro-eye-455517-a2.iam.gserviceaccount.com",
            "member": "serviceAccount:firebase-export-fn-sa@micro-eye-455517-a2.iam.gserviceaccount.com",
            "project": "micro-eye-455517-a2",
            "role": "roles/cloudsql.client"
          },
          "sensitive_attributes": [],
          "identity_schema_version": 0,
          "private": "bnVsbA==",
          "dependencies": [
            "google_service_account.firebase_export"
          ]
        }
      ]
    },
    {
      "mode": "managed",
      "type": "google_project_iam_member",
      "name": "firestore_access",
      "provider": "provider[\"registry.terraform.io/hashicorp/google\"]",
      "instances": [
        {
          "schema_version": 0,
          "attributes": {
            "condition": [],
            "etag": "BwY19cRdUQg=",
            "id": "micro-eye-455517-a2/roles/datastore.user/serviceAccount:orchestrator-fn-sa@micro-eye-455517-a2.iam.gserviceaccount.com",
            "member": "serviceAccount:orchestrator-fn-sa@micro-eye-455517-a2.iam.gserviceaccount.com",
            "project": "micro-eye-455517-a2",
            "role": "roles/datastore.user"
          },
          "sensitive_attributes": [],
          "identity_schema_version": 0,
          "private": "bnVsbA==",
          "dependencies": [
            "google_cloud_run_service.profanity_filter",
            "google_cloud_run_service.translator",
            "google_cloudfunctions_function.orchestrator",
            "google_compute_global_address.private_ip_address",
            "google_project_service.enable_cloud_run",
            "google_project_service.enable_redis",
            "google_project_service.enable_service_networking",
            "google_project_service.enable_vpc_access",
            "google_redis_instance.quota_redis",
            "google_service_account.orchestrator",
            "google_service_networking_connection.private_vpc_connection",
            "google_sql_database.translator_db",
            "google_sql_database_instance.postgres_instance",
            "google_sql_user.default",
            "google_storage_bucket.functions_bucket",
            "google_storage_bucket_object.orchestrator_zip",
            "google_vpc_access_connector.connector"
          ]
        }
      ]
    },
    {
      "mode": "managed",
      "type": "google_project_iam_member",
      "name": "firestore_access_exporter",
      "provider": "provider[\"registry.terraform.io/hashicorp/google\"]",
      "instances": [
        {
          "schema_version": 0,
          "attributes": {
            "condition": [],
            "etag": "BwY19cRdUQg=",
            "id": "micro-eye-455517-a2/roles/datastore.user/serviceAccount:firebase-export-fn-sa@micro-eye-455517-a2.iam.gserviceaccount.com",
            "member": "serviceAccount:firebase-export-fn-sa@micro-eye-455517-a2.iam.gserviceaccount.com",
            "project": "micro-eye-455517-a2",
            "role": "roles/datastore.user"
          },
          "sensitive_attributes": [],
          "identity_schema_version": 0,
          "private": "bnVsbA==",
          "dependencies": [
            "google_service_account.firebase_export"
          ]
        }
      ]
    },
    {
      "mode": "managed",
      "type": "google_project_iam_member",
      "name": "orchestrator_can_sign",
      "provider": "provider[\"registry.terraform.io/hashicorp/google\"]",
      "instances": [
        {
          "schema_version": 0,
          "attributes": {
            "condition": [],
            "etag": "BwY19cRdUQg=",
            "id": "micro-eye-455517-a2/roles/iam.serviceAccountTokenCreator/serviceAccount:orchestrator-fn-sa@micro-eye-455517-a2.iam.gserviceaccount.com",
            "member": "serviceAccount:orchestrator-fn-sa@micro-eye-455517-a2.iam.gserviceaccount.com",
            "project": "micro-eye-455517-a2",
            "role": "roles/iam.serviceAccountTokenCreator"
          },
          "sensitive_attributes": [],
          "identity_schema_version": 0,
          "private": "bnVsbA==",
          "dependencies": [
            "google_service_account.orchestrator"
          ]
        }
      ]
    },
    {
      "mode": "managed",
      "type": "google_project_service",
      "name": "enable_api_gateway",
      "provider": "provider[\"registry.terraform.io/hashicorp/google\"]",
      "instances": [
        {
          "schema_version": 0,
          "attributes": {
            "disable_dependent_services": null,
            "disable_on_destroy": true,
            "id": "micro-eye-455517-a2/apigateway.googleapis.com",
            "project": "micro-eye-455517-a2",
            "service": "apigateway.googleapis.com",
            "timeouts": null
          },
          "sensitive_attributes": [],
          "identity_schema_version": 0,
          "private": "eyJlMmJmYjczMC1lY2FhLTExZTYtOGY4OC0zNDM2M2JjN2M0YzAiOnsiY3JlYXRlIjoxMjAwMDAwMDAwMDAwLCJkZWxldGUiOjEyMDAwMDAwMDAwMDAsInJlYWQiOjYwMDAwMDAwMDAwMCwidXBkYXRlIjoxMjAwMDAwMDAwMDAwfX0="
        }
      ]
    },
    {
      "mode": "managed",
      "type": "google_project_service",
      "name": "enable_cloud_build",
      "provider": "provider[\"registry.terraform.io/hashicorp/google\"]",
      "instances": [
        {
          "schema_version": 0,
          "attributes": {
            "disable_dependent_services": null,
            "disable_on_destroy": true,
            "id": "micro-eye-455517-a2/cloudbuild.googleapis.com",
            "project": "micro-eye-455517-a2",
            "service": "cloudbuild.googleapis.com",
            "timeouts": null
          },
          "sensitive_attributes": [],
          "identity_schema_version": 0,
          "private": "eyJlMmJmYjczMC1lY2FhLTExZTYtOGY4OC0zNDM2M2JjN2M0YzAiOnsiY3JlYXRlIjoxMjAwMDAwMDAwMDAwLCJkZWxldGUiOjEyMDAwMDAwMDAwMDAsInJlYWQiOjYwMDAwMDAwMDAwMCwidXBkYXRlIjoxMjAwMDAwMDAwMDAwfX0="
        }
      ]
    },
    {
      "mode": "managed",
      "type": "google_project_service",
      "name": "enable_cloud_functions",
      "provider": "provider[\"registry.terraform.io/hashicorp/google\"]",
      "instances": [
        {
          "schema_version": 0,
          "attributes": {
            "disable_dependent_services": null,
            "disable_on_destroy": true,
            "id": "micro-eye-455517-a2/cloudfunctions.googleapis.com",
            "project": "micro-eye-455517-a2",
            "service": "cloudfunctions.googleapis.com",
            "timeouts": null
          },
          "sensitive_attributes": [],
          "identity_schema_version": 0,
          "private": "eyJlMmJmYjczMC1lY2FhLTExZTYtOGY4OC0zNDM2M2JjN2M0YzAiOnsiY3JlYXRlIjoxMjAwMDAwMDAwMDAwLCJkZWxldGUiOjEyMDAwMDAwMDAwMDAsInJlYWQiOjYwMDAwMDAwMDAwMCwidXBkYXRlIjoxMjAwMDAwMDAwMDAwfX0="
        }
      ]
    },
    {
      "mode": "managed",
      "type": "google_project_service",
      "name": "enable_cloud_run",
      "provider": "provider[\"registry.terraform.io/hashicorp/google\"]",
      "instances": [
        {
          "schema_version": 0,
          "attributes": {
            "disable_dependent_services": null,
            "disable_on_destroy": true,
            "id": "micro-eye-455517-a2/run.googleapis.com",
            "project": "micro-eye-455517-a2",
            "service": "run.googleapis.com",
            "timeouts": null
          },
          "sensitive_attributes": [],
          "identity_schema_version": 0,
          "private": "eyJlMmJmYjczMC1lY2FhLTExZTYtOGY4OC0zNDM2M2JjN2M0YzAiOnsiY3JlYXRlIjoxMjAwMDAwMDAwMDAwLCJkZWxldGUiOjEyMDAwMDAwMDAwMDAsInJlYWQiOjYwMDAwMDAwMDAwMCwidXBkYXRlIjoxMjAwMDAwMDAwMDAwfX0="
        }
      ]
    },
    {
      "mode": "managed",
      "type": "google_project_service",
      "name": "enable_cloud_scheduler",
      "provider": "provider[\"registry.terraform.io/hashicorp/google\"]",
      "instances": [
        {
          "schema_version": 0,
          "attributes": {
            "disable_dependent_services": null,
            "disable_on_destroy": true,
            "id": "micro-eye-455517-a2/cloudscheduler.googleapis.com",
            "project": "micro-eye-455517-a2",
            "service": "cloudscheduler.googleapis.com",
            "timeouts": null
          },
          "sensitive_attributes": [],
          "identity_schema_version": 0,
          "private": "eyJlMmJmYjczMC1lY2FhLTExZTYtOGY4OC0zNDM2M2JjN2M0YzAiOnsiY3JlYXRlIjoxMjAwMDAwMDAwMDAwLCJkZWxldGUiOjEyMDAwMDAwMDAwMDAsInJlYWQiOjYwMDAwMDAwMDAwMCwidXBkYXRlIjoxMjAwMDAwMDAwMDAwfX0="
        }
      ]
    },
    {
      "mode": "managed",
      "type": "google_project_service",
      "name": "enable_firestore",
      "provider": "provider[\"registry.terraform.io/hashicorp/google\"]",
      "instances": [
        {
          "schema_version": 0,
          "attributes": {
            "disable_dependent_services": null,
            "disable_on_destroy": true,
            "id": "micro-eye-455517-a2/firestore.googleapis.com",
            "project": "micro-eye-455517-a2",
            "service": "firestore.googleapis.com",
            "timeouts": null
          },
          "sensitive_attributes": [],
          "identity_schema_version": 0,
          "private": "eyJlMmJmYjczMC1lY2FhLTExZTYtOGY4OC0zNDM2M2JjN2M0YzAiOnsiY3JlYXRlIjoxMjAwMDAwMDAwMDAwLCJkZWxldGUiOjEyMDAwMDAwMDAwMDAsInJlYWQiOjYwMDAwMDAwMDAwMCwidXBkYXRlIjoxMjAwMDAwMDAwMDAwfX0="
        }
      ]
    },
    {
      "mode": "managed",
      "type": "google_project_service",
      "name": "enable_redis",
      "provider": "provider[\"registry.terraform.io/hashicorp/google\"]",
      "instances": [
        {
          "schema_version": 0,
          "attributes": {
            "disable_dependent_services": null,
            "disable_on_destroy": true,
            "id": "micro-eye-455517-a2/redis.googleapis.com",
            "project": "micro-eye-455517-a2",
            "service": "redis.googleapis.com",
            "timeouts": null
          },
          "sensitive_attributes": [],
          "identity_schema_version": 0,
          "private": "eyJlMmJmYjczMC1lY2FhLTExZTYtOGY4OC0zNDM2M2JjN2M0YzAiOnsiY3JlYXRlIjoxMjAwMDAwMDAwMDAwLCJkZWxldGUiOjEyMDAwMDAwMDAwMDAsInJlYWQiOjYwMDAwMDAwMDAwMCwidXBkYXRlIjoxMjAwMDAwMDAwMDAwfX0="
        }
      ]
    },
    {
      "mode": "managed",
      "type": "google_project_service",
      "name": "enable_service_networking",
      "provider": "provider[\"registry.terraform.io/hashicorp/google\"]",
      "instances": [
        {
          "schema_version": 0,
          "attributes": {
            "disable_dependent_services": null,
            "disable_on_destroy": false,
            "id": "micro-eye-455517-a2/servicenetworking.googleapis.com",
            "project": "micro-eye-455517-a2",
            "service": "servicenetworking.googleapis.com",
            "timeouts": null
          },
          "sensitive_attributes": [],
          "identity_schema_version": 0,
          "private": "eyJlMmJmYjczMC1lY2FhLTExZTYtOGY4OC0zNDM2M2JjN2M0YzAiOnsiY3JlYXRlIjoxMjAwMDAwMDAwMDAwLCJkZWxldGUiOjEyMDAwMDAwMDAwMDAsInJlYWQiOjYwMDAwMDAwMDAwMCwidXBkYXRlIjoxMjAwMDAwMDAwMDAwfX0="
        }
      ]
    },
    {
      "mode": "managed",
      "type": "google_project_service",
      "name": "enable_sql_admin",
      "provider": "provider[\"registry.terraform.io/hashicorp/google\"]",
      "instances": [
        {
          "schema_version": 0,
          "attributes": {
            "disable_dependent_services": null,
            "disable_on_destroy": true,
            "id": "micro-eye-455517-a2/sqladmin.googleapis.com",
            "project": "micro-eye-455517-a2",
            "service": "sqladmin.googleapis.com",
            "timeouts": null
          },
          "sensitive_attributes": [],
          "identity_schema_version": 0,
          "private": "eyJlMmJmYjczMC1lY2FhLTExZTYtOGY4OC0zNDM2M2JjN2M0YzAiOnsiY3JlYXRlIjoxMjAwMDAwMDAwMDAwLCJkZWxldGUiOjEyMDAwMDAwMDAwMDAsInJlYWQiOjYwMDAwMDAwMDAwMCwidXBkYXRlIjoxMjAwMDAwMDAwMDAwfX0="
        }
      ]
    },
    {
      "mode": "managed",
      "type": "google_project_service",
      "name": "enable_vpc_access",
      "provider": "provider[\"registry.terraform.io/hashicorp/google\"]",
      "instances": [
        {
          "schema_version": 0,
          "attributes": {
            "disable_dependent_services": null,
            "disable_on_destroy": true,
            "id": "micro-eye-455517-a2/vpcaccess.googleapis.com",
            "project": "micro-eye-455517-a2",
            "service": "vpcaccess.googleapis.com",
            "timeouts": null
          },
          "sensitive_attributes": [],
          "identity_schema_version": 0,
          "private": "eyJlMmJmYjczMC1lY2FhLTExZTYtOGY4OC0zNDM2M2JjN2M0YzAiOnsiY3JlYXRlIjoxMjAwMDAwMDAwMDAwLCJkZWxldGUiOjEyMDAwMDAwMDAwMDAsInJlYWQiOjYwMDAwMDAwMDAwMCwidXBkYXRlIjoxMjAwMDAwMDAwMDAwfX0="
        }
      ]
    },
    {
      "mode": "managed",
      "type": "google_redis_instance",
      "name": "quota_redis",
      "provider": "provider[\"registry.terraform.io/hashicorp/google\"]",
      "instances": [
        {
          "schema_version": 0,
          "attributes": {
            "alternative_location_id": "",
            "auth_enabled": false,
            "auth_string": "",
            "authorized_network": "projects/micro-eye-455517-a2/global/networks/default",
            "connect_mode": "DIRECT_PEERING",
            "create_time": "2025-05-22T11:38:30.570284556Z",
            "current_location_id": "europe-west1-c",
            "customer_managed_key": "",
            "display_name": "",
            "effective_labels": {},
            "host": "10.207.27.211",
            "id": "projects/micro-eye-455517-a2/locations/europe-west1/instances/quota-checker-redis",
            "labels": {},
            "location_id": "europe-west1-c",
            "maintenance_policy": [],
            "maintenance_schedule": [],
            "maintenance_version": "20241107_00_00",
            "memory_size_gb": 1,
            "name": "quota-checker-redis",
            "nodes": [
              {
                "id": "node-0",
                "zone": "europe-west1-c"
              }
            ],
            "persistence_config": [
              {
                "persistence_mode": "DISABLED",
                "rdb_next_snapshot_time": "",
                "rdb_snapshot_period": "",
                "rdb_snapshot_start_time": ""
              }
            ],
            "persistence_iam_identity": "serviceAccount:service-903865273690@cloud-redis.iam.gserviceaccount.com",
            "port": 6379,
            "project": "micro-eye-455517-a2",
            "read_endpoint": "",
            "read_endpoint_port": 0,
            "read_replicas_mode": "READ_REPLICAS_DISABLED",
            "redis_configs": {},
            "redis_version": "REDIS_7_0",
            "region": "europe-west1",
            "replica_count": 0,
            "reserved_ip_range": null,
            "secondary_ip_range": "",
            "server_ca_certs": [],
            "terraform_labels": {},
            "tier": "BASIC",
            "timeouts": null,
            "transit_encryption_mode": "DISABLED"
          },
          "sensitive_attributes": [
            [
              {
                "type": "get_attr",
                "value": "auth_string"
              }
            ]
          ],
          "identity_schema_version": 0,
          "private": "eyJlMmJmYjczMC1lY2FhLTExZTYtOGY4OC0zNDM2M2JjN2M0YzAiOnsiY3JlYXRlIjoxMjAwMDAwMDAwMDAwLCJkZWxldGUiOjEyMDAwMDAwMDAwMDAsInVwZGF0ZSI6MTIwMDAwMDAwMDAwMH19",
          "dependencies": [
            "google_compute_global_address.private_ip_address",
            "google_project_service.enable_redis",
            "google_project_service.enable_service_networking",
            "google_service_networking_connection.private_vpc_connection"
          ]
        }
      ]
    },
    {
      "mode": "managed",
      "type": "google_service_account",
      "name": "firebase_export",
      "provider": "provider[\"registry.terraform.io/hashicorp/google\"]",
      "instances": [
        {
          "schema_version": 0,
          "attributes": {
            "account_id": "firebase-export-fn-sa",
            "create_ignore_already_exists": null,
            "description": "",
            "disabled": false,
            "display_name": "Firebase Export Function Service Account",
            "email": "firebase-export-fn-sa@micro-eye-455517-a2.iam.gserviceaccount.com",
            "id": "projects/micro-eye-455517-a2/serviceAccounts/firebase-export-fn-sa@micro-eye-455517-a2.iam.gserviceaccount.com",
            "member": "serviceAccount:firebase-export-fn-sa@micro-eye-455517-a2.iam.gserviceaccount.com",
            "name": "projects/micro-eye-455517-a2/serviceAccounts/firebase-export-fn-sa@micro-eye-455517-a2.iam.gserviceaccount.com",
            "project": "micro-eye-455517-a2",
            "timeouts": null,
            "unique_id": "101248264682932455772"
          },
          "sensitive_attributes": [],
          "identity_schema_version": 0,
          "private": "eyJlMmJmYjczMC1lY2FhLTExZTYtOGY4OC0zNDM2M2JjN2M0YzAiOnsiY3JlYXRlIjozMDAwMDAwMDAwMDB9fQ=="
        }
      ]
    },
    {
      "mode": "managed",
      "type": "google_service_account",
      "name": "orchestrator",
      "provider": "provider[\"registry.terraform.io/hashicorp/google\"]",
      "instances": [
        {
          "schema_version": 0,
          "attributes": {
            "account_id": "orchestrator-fn-sa",
            "create_ignore_already_exists": null,
            "description": "",
            "disabled": false,
            "display_name": "Orchestrator Function Service Account",
            "email": "orchestrator-fn-sa@micro-eye-455517-a2.iam.gserviceaccount.com",
            "id": "projects/micro-eye-455517-a2/serviceAccounts/orchestrator-fn-sa@micro-eye-455517-a2.iam.gserviceaccount.com",
            "member": "serviceAccount:orchestrator-fn-sa@micro-eye-455517-a2.iam.gserviceaccount.com",
            "name": "projects/micro-eye-455517-a2/serviceAccounts/orchestrator-fn-sa@micro-eye-455517-a2.iam.gserviceaccount.com",
            "project": "micro-eye-455517-a2",
            "timeouts": null,
            "unique_id": "110038790000913430536"
          },
          "sensitive_attributes": [],
          "identity_schema_version": 0,
          "private": "eyJlMmJmYjczMC1lY2FhLTExZTYtOGY4OC0zNDM2M2JjN2M0YzAiOnsiY3JlYXRlIjozMDAwMDAwMDAwMDB9fQ=="
        }
      ]
    },
    {
      "mode": "managed",
      "type": "google_service_account",
      "name": "scheduler_invoker",
      "provider": "provider[\"registry.terraform.io/hashicorp/google\"]",
      "instances": [
        {
          "schema_version": 0,
          "attributes": {
            "account_id": "scheduler-invoker",
            "create_ignore_already_exists": null,
            "description": "",
            "disabled": false,
            "display_name": "Cloud Scheduler Cloud Function Invoker",
            "email": "scheduler-invoker@micro-eye-455517-a2.iam.gserviceaccount.com",
            "id": "projects/micro-eye-455517-a2/serviceAccounts/scheduler-invoker@micro-eye-455517-a2.iam.gserviceaccount.com",
            "member": "serviceAccount:scheduler-invoker@micro-eye-455517-a2.iam.gserviceaccount.com",
            "name": "projects/micro-eye-455517-a2/serviceAccounts/scheduler-invoker@micro-eye-455517-a2.iam.gserviceaccount.com",
            "project": "micro-eye-455517-a2",
            "timeouts": null,
            "unique_id": "113804865867103728856"
          },
          "sensitive_attributes": [],
          "identity_schema_version": 0,
          "private": "eyJlMmJmYjczMC1lY2FhLTExZTYtOGY4OC0zNDM2M2JjN2M0YzAiOnsiY3JlYXRlIjozMDAwMDAwMDAwMDB9fQ=="
        }
      ]
    },
    {
      "mode": "managed",
      "type": "google_service_networking_connection",
      "name": "private_vpc_connection",
      "provider": "provider[\"registry.terraform.io/hashicorp/google\"]",
      "instances": [
        {
          "schema_version": 0,
          "attributes": {
            "deletion_policy": null,
            "id": "projects%2Fmicro-eye-455517-a2%2Fglobal%2Fnetworks%2Fdefault:servicenetworking.googleapis.com",
            "network": "projects/micro-eye-455517-a2/global/networks/default",
            "peering": "servicenetworking-googleapis-com",
            "reserved_peering_ranges": [
              "google-managed-services-default"
            ],
            "service": "servicenetworking.googleapis.com",
            "timeouts": null,
            "update_on_creation_fail": null
          },
          "sensitive_attributes": [],
          "identity_schema_version": 0,
          "private": "eyJlMmJmYjczMC1lY2FhLTExZTYtOGY4OC0zNDM2M2JjN2M0YzAiOnsiY3JlYXRlIjo2MDAwMDAwMDAwMDAsImRlbGV0ZSI6NjAwMDAwMDAwMDAwLCJ1cGRhdGUiOjYwMDAwMDAwMDAwMH19",
          "dependencies": [
            "google_compute_global_address.private_ip_address",
            "google_project_service.enable_service_networking"
          ]
        }
      ]
    },
    {
      "mode": "managed",
      "type": "google_sql_database",
      "name": "translator_db",
      "provider": "provider[\"registry.terraform.io/hashicorp/google\"]",
      "instances": [
        {
          "schema_version": 0,
          "attributes": {
            "charset": "UTF8",
            "collation": "en_US.UTF8",
            "deletion_policy": "DELETE",
            "id": "projects/micro-eye-455517-a2/instances/translator-sql-instance/databases/translatordb",
            "instance": "translator-sql-instance",
            "name": "translatordb",
            "project": "micro-eye-455517-a2",
            "self_link": "https://sqladmin.googleapis.com/sql/v1beta4/projects/micro-eye-455517-a2/instances/translator-sql-instance/databases/translatordb",
            "timeouts": null
          },
          "sensitive_attributes": [],
          "identity_schema_version": 0,
          "private": "eyJlMmJmYjczMC1lY2FhLTExZTYtOGY4OC0zNDM2M2JjN2M0YzAiOnsiY3JlYXRlIjoxMjAwMDAwMDAwMDAwLCJkZWxldGUiOjEyMDAwMDAwMDAwMDAsInVwZGF0ZSI6MTIwMDAwMDAwMDAwMH19",
          "dependencies": [
            "google_sql_database_instance.postgres_instance"
          ]
        }
      ]
    },
    {
      "mode": "managed",
      "type": "google_sql_database_instance",
      "name": "postgres_instance",
      "provider": "provider[\"registry.terraform.io/hashicorp/google\"]",
      "instances": [
        {
          "schema_version": 0,
          "attributes": {
            "available_maintenance_versions": [
              "POSTGRES_12_22.R20250302.00_31"
            ],
            "clone": [],
            "connection_name": "micro-eye-455517-a2:europe-west1:translator-sql-instance",
            "database_version": "POSTGRES_12",
            "deletion_protection": true,
            "dns_name": "",
            "encryption_key_name": null,
            "first_ip_address": "172.31.0.3",
            "id": "translator-sql-instance",
            "instance_type": "CLOUD_SQL_INSTANCE",
            "ip_address": [
              {
                "ip_address": "172.31.0.3",
                "time_to_retire": "",
                "type": "PRIVATE"
              }
            ],
            "maintenance_version": "POSTGRES_12_22.R20250302.00_19",
            "master_instance_name": "",
            "name": "translator-sql-instance",
            "private_ip_address": "172.31.0.3",
            "project": "micro-eye-455517-a2",
            "psc_service_attachment_link": "",
            "public_ip_address": "",
            "region": "europe-west1",
            "replica_configuration": [],
            "restore_backup_context": [],
            "root_password": null,
            "self_link": "https://sqladmin.googleapis.com/sql/v1beta4/projects/micro-eye-455517-a2/instances/translator-sql-instance",
            "server_ca_cert": [
              {
                "cert": "-----BEGIN CERTIFICATE-----\nMIIDfzCCAmegAwIBAgIBADANBgkqhkiG9w0BAQsFADB3MS0wKwYDVQQuEyQ5ZDA2\nMDM5ZC1iMzY0LTQxNWUtODgwNi05MWNmZmI5NWU0NzkxIzAhBgNVBAMTGkdvb2ds\nZSBDbG91ZCBTUUwgU2VydmVyIENBMRQwEgYDVQQKEwtHb29nbGUsIEluYzELMAkG\nA1UEBhMCVVMwHhcNMjUwNTIyMTE0MDQyWhcNMzUwNTIwMTE0MTQyWjB3MS0wKwYD\nVQQuEyQ5ZDA2MDM5ZC1iMzY0LTQxNWUtODgwNi05MWNmZmI5NWU0NzkxIzAhBgNV\nBAMTGkdvb2dsZSBDbG91ZCBTUUwgU2VydmVyIENBMRQwEgYDVQQKEwtHb29nbGUs\nIEluYzELMAkGA1UEBhMCVVMwggEiMA0GCSqGSIb3DQEBAQUAA4IBDwAwggEKAoIB\nAQC54aknYPMBFYMwrhm7XksN2Ax8vFXYkCAoyAsmr4Vb3xN3/O1tCg22tvp9BN4n\nLEJdMSEuVijpeY5wfBdwqqfr8A8GtLzWruCjeiQ82XybhGC3s7fnkJDNO5lNnCkO\nWaJFolA+LdRIuInbfWumFyGGXM5/4xuNznZtrowE028QtAazQX52lCHgyJHkK4+z\nzqopX4FQ5ywX/pPHxyHw40VnUKZNTrDzAM60BC3Z/vpBcWLiz3RRPh3DtmG+Fbhc\nBrMXvDJRrIWP8Gzl+IchbIpJX1o0ZWzLdyeCfeuz7Nx7cD+mbknOBJgPTG4KzwaY\n59BO+pBXTGh1V1PhjLLQrzw5AgMBAAGjFjAUMBIGA1UdEwEB/wQIMAYBAf8CAQAw\nDQYJKoZIhvcNAQELBQADggEBALNIqsMTE0paBvxdUmBF7HFfcZHN/WhbZteDmDU0\n1IS3agryvc2PAjjpILFOfr9h/PRKxthlnPDMixCeLpOcyM9lu8lxlEd8s4Okhido\nJSRgh0hnJfcV0uMW6v1McScLTNsS8P2eZTqeoYnW5dUK47V5laoLe6MDpsoXCcPO\ndZjtnttXEzb3e+paoL1G0OSAX5xwyjqClzNlNrvJxD23JdkJB31pth2XoxWP4bpa\nAOedE3oBFIUr+KVh3YSLKgBrBFJLzUZfmCljcn05NZABVcXvTE3SH2p3Am4EG6a4\nbBe5j1v4bA6UondLkcyhWtYKpor7H47AznO2hwxmzx+2azM=\n-----END CERTIFICATE-----",
                "common_name": "C=US,O=Google\\, Inc,CN=Google Cloud SQL Server CA,dnQualifier=9d06039d-b364-415e-8806-91cffb95e479",
                "create_time": "2025-05-22T11:40:42.029Z",
                "expiration_time": "2035-05-20T11:41:42.029Z",
                "sha1_fingerprint": "40ddc4e858826879f3d0f1c88cd01b1a39b4b545"
              }
            ],
            "service_account_email_address": "p903865273690-aj783y@gcp-sa-cloud-sql.iam.gserviceaccount.com",
            "settings": [
              {
                "activation_policy": "ALWAYS",
                "active_directory_config": [],
                "advanced_machine_features": [],
                "availability_type": "ZONAL",
                "backup_configuration": [
                  {
                    "backup_retention_settings": [
                      {
                        "retained_backups": 7,
                        "retention_unit": "COUNT"
                      }
                    ],
                    "binary_log_enabled": false,
                    "enabled": false,
                    "location": "",
                    "point_in_time_recovery_enabled": false,
                    "start_time": "07:00",
                    "transaction_log_retention_days": 7
                  }
                ],
                "collation": "",
                "connector_enforcement": "NOT_REQUIRED",
                "data_cache_config": [],
                "database_flags": [],
                "deletion_protection_enabled": false,
                "deny_maintenance_period": [],
                "disk_autoresize": true,
                "disk_autoresize_limit": 0,
                "disk_size": 10,
                "disk_type": "PD_SSD",
                "edition": "ENTERPRISE",
                "enable_dataplex_integration": false,
                "enable_google_ml_integration": false,
                "insights_config": [],
                "ip_configuration": [
                  {
                    "allocated_ip_range": "",
                    "authorized_networks": [],
                    "enable_private_path_for_google_cloud_services": false,
                    "ipv4_enabled": false,
                    "private_network": "projects/micro-eye-455517-a2/global/networks/default",
                    "psc_config": [],
                    "require_ssl": false,
                    "server_ca_mode": "GOOGLE_MANAGED_INTERNAL_CA",
                    "ssl_mode": ""
                  }
                ],
                "location_preference": [
                  {
                    "follow_gae_application": "",
                    "secondary_zone": "",
                    "zone": "europe-west1-d"
                  }
                ],
                "maintenance_window": [],
                "password_validation_policy": [],
                "pricing_plan": "PER_USE",
                "sql_server_audit_config": [],
                "tier": "db-f1-micro",
                "time_zone": "",
                "user_labels": {},
                "version": 7
              }
            ],
            "timeouts": null
          },
          "sensitive_attributes": [
            [
              {
                "type": "get_attr",
                "value": "root_password"
              }
            ],
            [
              {
                "type": "get_attr",
                "value": "server_ca_cert"
              }
            ]
          ],
          "identity_schema_version": 0,
          "private": "eyJlMmJmYjczMC1lY2FhLTExZTYtOGY4OC0zNDM2M2JjN2M0YzAiOnsiY3JlYXRlIjo1NDAwMDAwMDAwMDAwLCJkZWxldGUiOjU0MDAwMDAwMDAwMDAsInVwZGF0ZSI6NTQwMDAwMDAwMDAwMH19"
        }
      ]
    },
    {
      "mode": "managed",
      "type": "google_sql_user",
      "name": "default",
      "provider": "provider[\"registry.terraform.io/hashicorp/google\"]",
      "instances": [
        {
          "schema_version": 1,
          "attributes": {
            "deletion_policy": null,
            "host": "",
            "id": "translator_user//translator-sql-instance",
            "instance": "translator-sql-instance",
            "name": "translator_user",
            "password": "test",
            "password_policy": [],
            "project": "micro-eye-455517-a2",
            "sql_server_user_details": [],
            "timeouts": null,
            "type": ""
          },
          "sensitive_attributes": [
            [
              {
                "type": "get_attr",
                "value": "password"
              }
            ]
          ],
          "identity_schema_version": 0,
          "private": "eyJlMmJmYjczMC1lY2FhLTExZTYtOGY4OC0zNDM2M2JjN2M0YzAiOnsiY3JlYXRlIjo2MDAwMDAwMDAwMDAsImRlbGV0ZSI6NjAwMDAwMDAwMDAwLCJ1cGRhdGUiOjYwMDAwMDAwMDAwMH0sInNjaGVtYV92ZXJzaW9uIjoiMSJ9",
          "dependencies": [
            "google_sql_database_instance.postgres_instance"
          ]
        }
      ]
    },
    {
      "mode": "managed",
      "type": "google_storage_bucket",
      "name": "functions_bucket",
      "provider": "provider[\"registry.terraform.io/hashicorp/google\"]",
      "instances": [
        {
          "schema_version": 2,
          "attributes": {
            "autoclass": [],
            "cors": [],
            "custom_placement_config": [],
            "default_event_based_hold": false,
            "effective_labels": {},
            "enable_object_retention": false,
            "encryption": [],
            "force_destroy": true,
            "id": "micro-eye-455517-a2-functions-bucket",
            "labels": {},
            "lifecycle_rule": [],
            "location": "EUROPE-WEST1",
            "logging": [],
            "name": "micro-eye-455517-a2-functions-bucket",
            "project": "micro-eye-455517-a2",
            "project_number": 903865273690,
            "public_access_prevention": "inherited",
            "requester_pays": false,
            "retention_policy": [],
            "rpo": null,
            "self_link": "https://www.googleapis.com/storage/v1/b/micro-eye-455517-a2-functions-bucket",
            "soft_delete_policy": [
              {
                "effective_time": "2025-04-07T08:36:47.862Z",
                "retention_duration_seconds": 604800
              }
            ],
            "storage_class": "STANDARD",
            "terraform_labels": {},
            "timeouts": null,
            "uniform_bucket_level_access": false,
            "url": "gs://micro-eye-455517-a2-functions-bucket",
            "versioning": [],
            "website": []
          },
          "sensitive_attributes": [],
          "identity_schema_version": 0,
          "private": "eyJlMmJmYjczMC1lY2FhLTExZTYtOGY4OC0zNDM2M2JjN2M0YzAiOnsiY3JlYXRlIjo2MDAwMDAwMDAwMDAsInJlYWQiOjI0MDAwMDAwMDAwMCwidXBkYXRlIjoyNDAwMDAwMDAwMDB9LCJzY2hlbWFfdmVyc2lvbiI6IjIifQ=="
        }
      ]
    },
    {
      "mode": "managed",
      "type": "google_storage_bucket_object",
      "name": "firestore_export_zip",
      "provider": "provider[\"registry.terraform.io/hashicorp/google\"]",
      "instances": [
        {
          "schema_version": 0,
          "attributes": {
            "bucket": "micro-eye-455517-a2-functions-bucket",
            "cache_control": "",
            "content": null,
            "content_disposition": "",
            "content_encoding": "",
            "content_language": "",
            "content_type": "application/zip",
            "crc32c": "Nyygmw==",
            "customer_encryption": [],
            "detect_md5hash": "FtaMi/f+NUKigu1fk1L4DQ==",
            "event_based_hold": false,
            "generation": 1748204402591497,
            "id": "micro-eye-455517-a2-functions-bucket-firestore_export-16d68c8bf7fe3542a282ed5f9352f80d.zip",
            "kms_key_name": "",
            "md5hash": "FtaMi/f+NUKigu1fk1L4DQ==",
            "media_link": "https://storage.googleapis.com/download/storage/v1/b/micro-eye-455517-a2-functions-bucket/o/firestore_export-16d68c8bf7fe3542a282ed5f9352f80d.zip?generation=1748204402591497\u0026alt=media",
            "metadata": {},
            "name": "firestore_export-16d68c8bf7fe3542a282ed5f9352f80d.zip",
            "output_name": "firestore_export-16d68c8bf7fe3542a282ed5f9352f80d.zip",
            "retention": [],
            "self_link": "https://www.googleapis.com/storage/v1/b/micro-eye-455517-a2-functions-bucket/o/firestore_export-16d68c8bf7fe3542a282ed5f9352f80d.zip",
            "source": "firestore_export.zip",
            "storage_class": "STANDARD",
            "temporary_hold": false,
            "timeouts": null
          },
          "sensitive_attributes": [
            [
              {
                "type": "get_attr",
                "value": "content"
              }
            ]
          ],
          "identity_schema_version": 0,
          "private": "eyJlMmJmYjczMC1lY2FhLTExZTYtOGY4OC0zNDM2M2JjN2M0YzAiOnsiY3JlYXRlIjoyNDAwMDAwMDAwMDAsImRlbGV0ZSI6MjQwMDAwMDAwMDAwLCJ1cGRhdGUiOjI0MDAwMDAwMDAwMH19",
          "dependencies": [
            "google_storage_bucket.functions_bucket"
          ]
        }
      ]
    },
    {
      "mode": "managed",
      "type": "google_storage_bucket_object",
      "name": "orchestrator_zip",
      "provider": "provider[\"registry.terraform.io/hashicorp/google\"]",
      "instances": [
        {
          "schema_version": 0,
          "attributes": {
            "bucket": "micro-eye-455517-a2-functions-bucket",
            "cache_control": "",
            "content": null,
            "content_disposition": "",
            "content_encoding": "",
            "content_language": "",
            "content_type": "application/zip",
            "crc32c": "hRHl/A==",
            "customer_encryption": [],
            "detect_md5hash": "7Vs8qlnBynwNa6Wtlltmog==",
            "event_based_hold": false,
            "generation": 1748176145379481,
            "id": "micro-eye-455517-a2-functions-bucket-functions-ed5b3caa59c1ca7c0d6ba5ad965b66a2.zip",
            "kms_key_name": "",
            "md5hash": "7Vs8qlnBynwNa6Wtlltmog==",
            "media_link": "https://storage.googleapis.com/download/storage/v1/b/micro-eye-455517-a2-functions-bucket/o/functions-ed5b3caa59c1ca7c0d6ba5ad965b66a2.zip?generation=1748176145379481\u0026alt=media",
            "metadata": {},
            "name": "functions-ed5b3caa59c1ca7c0d6ba5ad965b66a2.zip",
            "output_name": "functions-ed5b3caa59c1ca7c0d6ba5ad965b66a2.zip",
            "retention": [],
            "self_link": "https://www.googleapis.com/storage/v1/b/micro-eye-455517-a2-functions-bucket/o/functions-ed5b3caa59c1ca7c0d6ba5ad965b66a2.zip",
            "source": "./functions.zip",
            "storage_class": "STANDARD",
            "temporary_hold": false,
            "timeouts": null
          },
          "sensitive_attributes": [
            [
              {
                "type": "get_attr",
                "value": "content"
              }
            ]
          ],
          "identity_schema_version": 0,
          "private": "eyJlMmJmYjczMC1lY2FhLTExZTYtOGY4OC0zNDM2M2JjN2M0YzAiOnsiY3JlYXRlIjoyNDAwMDAwMDAwMDAsImRlbGV0ZSI6MjQwMDAwMDAwMDAwLCJ1cGRhdGUiOjI0MDAwMDAwMDAwMH19",
          "dependencies": [
            "google_storage_bucket.functions_bucket"
          ]
        }
      ]
    },
    {
      "mode": "managed",
      "type": "google_vpc_access_connector",
      "name": "connector",
      "provider": "provider[\"registry.terraform.io/hashicorp/google\"]",
      "instances": [
        {
          "schema_version": 0,
          "attributes": {
            "connected_projects": [
              "micro-eye-455517-a2"
            ],
            "id": "projects/micro-eye-455517-a2/locations/europe-west1/connectors/cloud-run-connector",
            "ip_cidr_range": "10.8.0.0/28",
            "machine_type": "e2-micro",
            "max_instances": 3,
            "max_throughput": 300,
            "min_instances": 2,
            "min_throughput": 200,
            "name": "cloud-run-connector",
            "network": "default",
            "project": "micro-eye-455517-a2",
            "region": "europe-west1",
            "self_link": "projects/micro-eye-455517-a2/locations/europe-west1/connectors/cloud-run-connector",
            "state": "READY",
            "subnet": [],
            "timeouts": null
          },
          "sensitive_attributes": [],
          "identity_schema_version": 0,
          "private": "eyJlMmJmYjczMC1lY2FhLTExZTYtOGY4OC0zNDM2M2JjN2M0YzAiOnsiY3JlYXRlIjoxMjAwMDAwMDAwMDAwLCJkZWxldGUiOjEyMDAwMDAwMDAwMDB9fQ==",
          "dependencies": [
            "google_project_service.enable_vpc_access"
          ]
        }
      ]
    }
  ],
  "check_results": null
}
